
Microsoft Visual Studio Solution File, Format Version 12.00
# Visual Studio Version 17
VisualStudioVersion = 17.10.34916.146
MinimumVisualStudioVersion = 10.0.40219.1
Project("{2150E333-8FDC-42A3-9474-1A3956D46DE8}") = "01 API", "01 API", "{720BA947-776F-47D2-A11B-8BD3081B0AFF}"
EndProject
Project("{2150E333-8FDC-42A3-9474-1A3956D46DE8}") = "02 Services", "02 Services", "{13962FED-1C7E-49AE-AEC8-3B2EDA2FC8E1}"
EndProject
Project("{2150E333-8FDC-42A3-9474-1A3956D46DE8}") = "03 Persistence", "03 Persistence", "{DAC2BBCF-1589-485B-9B3C-86E970EAB63F}"
EndProject
Project("{2150E333-8FDC-42A3-9474-1A3956D46DE8}") = "04 Models", "04 Models", "{9B330E08-9F4F-443C-9CA2-BB9EE6CEE919}"
EndProject
Project("{2150E333-8FDC-42A3-9474-1A3956D46DE8}") = "05 Common Services", "05 Common Services", "{AE7E0C93-F670-42B7-BE24-CE54F092C39A}"
EndProject
Project("{9A19103F-16F7-4668-BE54-9A1E7A4F7556}") = "Domain", "Domain\Domain.csproj", "{7B396B8B-E7D6-4443-AAF0-11C5E534CEB1}"
EndProject
Project("{9A19103F-16F7-4668-BE54-9A1E7A4F7556}") = "Persistence.Database", "Persistence.Database\Persistence.Database.csproj", "{1A29D943-D40D-41EB-9EFE-41DCEBF1C619}"
EndProject
Project("{9A19103F-16F7-4668-BE54-9A1E7A4F7556}") = "Response", "Response\Response.csproj", "{A141F15A-3466-4B89-AE57-5E7426336599}"
EndProject
Project("{9A19103F-16F7-4668-BE54-9A1E7A4F7556}") = "Tickets.API", "Tickets.API\Tickets.API.csproj", "{D384C5E6-5868-4E55-A69F-2FFF5CDF99B9}"
EndProject
Project("{9A19103F-16F7-4668-BE54-9A1E7A4F7556}") = "Service.Queries", "Service.Queries\Service.Queries.csproj", "{12641068-BD97-4137-B7CD-4AC292FCE940}"
EndProject
Project("{9A19103F-16F7-4668-BE54-9A1E7A4F7556}") = "Tickets.Service.EventHandler", "Tickets.Service.EventHandler\Tickets.Service.EventHandler.csproj", "{79853DB9-7F5A-4F21-BDBC-36C4A327C3D9}"
EndProject
Project("{FAE04EC0-301F-11D3-BF4B-00C04F79EFBC}") = "Collection", "Collection\Collection.csproj", "{32E2402D-38AB-42DB-9D93-4F1BEF017BF6}"
EndProject
Project("{FAE04EC0-301F-11D3-BF4B-00C04F79EFBC}") = "Paging", "Paging\Paging.csproj", "{13CE93E0-0F57-4256-AF9E-3F9D58CF73E4}"
EndProject
Project("{FAE04EC0-301F-11D3-BF4B-00C04F79EFBC}") = "Mapping", "Mapping\Mapping.csproj", "{93E7B2EE-7322-4B74-AFEE-CC14237BECAD}"
EndProject
Global
	GlobalSection(SolutionConfigurationPlatforms) = preSolution
		Debug|Any CPU = Debug|Any CPU
		Release|Any CPU = Release|Any CPU
	EndGlobalSection
	GlobalSection(ProjectConfigurationPlatforms) = postSolution
		{7B396B8B-E7D6-4443-AAF0-11C5E534CEB1}.Debug|Any CPU.ActiveCfg = Debug|Any CPU
		{7B396B8B-E7D6-4443-AAF0-11C5E534CEB1}.Debug|Any CPU.Build.0 = Debug|Any CPU
		{7B396B8B-E7D6-4443-AAF0-11C5E534CEB1}.Release|Any CPU.ActiveCfg = Release|Any CPU
		{7B396B8B-E7D6-4443-AAF0-11C5E534CEB1}.Release|Any CPU.Build.0 = Release|Any CPU
		{1A29D943-D40D-41EB-9EFE-41DCEBF1C619}.Debug|Any CPU.ActiveCfg = Debug|Any CPU
		{1A29D943-D40D-41EB-9EFE-41DCEBF1C619}.Debug|Any CPU.Build.0 = Debug|Any CPU
		{1A29D943-D40D-41EB-9EFE-41DCEBF1C619}.Release|Any CPU.ActiveCfg = Release|Any CPU
		{1A29D943-D40D-41EB-9EFE-41DCEBF1C619}.Release|Any CPU.Build.0 = Release|Any CPU
		{A141F15A-3466-4B89-AE57-5E7426336599}.Debug|Any CPU.ActiveCfg = Debug|Any CPU
		{A141F15A-3466-4B89-AE57-5E7426336599}.Debug|Any CPU.Build.0 = Debug|Any CPU
		{A141F15A-3466-4B89-AE57-5E7426336599}.Release|Any CPU.ActiveCfg = Release|Any CPU
		{A141F15A-3466-4B89-AE57-5E7426336599}.Release|Any CPU.Build.0 = Release|Any CPU
		{D384C5E6-5868-4E55-A69F-2FFF5CDF99B9}.Debug|Any CPU.ActiveCfg = Debug|Any CPU
		{D384C5E6-5868-4E55-A69F-2FFF5CDF99B9}.Debug|Any CPU.Build.0 = Debug|Any CPU
		{D384C5E6-5868-4E55-A69F-2FFF5CDF99B9}.Release|Any CPU.ActiveCfg = Release|Any CPU
		{D384C5E6-5868-4E55-A69F-2FFF5CDF99B9}.Release|Any CPU.Build.0 = Release|Any CPU
		{12641068-BD97-4137-B7CD-4AC292FCE940}.Debug|Any CPU.ActiveCfg = Debug|Any CPU
		{12641068-BD97-4137-B7CD-4AC292FCE940}.Debug|Any CPU.Build.0 = Debug|Any CPU
		{12641068-BD97-4137-B7CD-4AC292FCE940}.Release|Any CPU.ActiveCfg = Release|Any CPU
		{12641068-BD97-4137-B7CD-4AC292FCE940}.Release|Any CPU.Build.0 = Release|Any CPU
		{79853DB9-7F5A-4F21-BDBC-36C4A327C3D9}.Debug|Any CPU.ActiveCfg = Debug|Any CPU
		{79853DB9-7F5A-4F21-BDBC-36C4A327C3D9}.Debug|Any CPU.Build.0 = Debug|Any CPU
		{79853DB9-7F5A-4F21-BDBC-36C4A327C3D9}.Release|Any CPU.ActiveCfg = Release|Any CPU
		{79853DB9-7F5A-4F21-BDBC-36C4A327C3D9}.Release|Any CPU.Build.0 = Release|Any CPU
		{32E2402D-38AB-42DB-9D93-4F1BEF017BF6}.Debug|Any CPU.ActiveCfg = Debug|Any CPU
		{32E2402D-38AB-42DB-9D93-4F1BEF017BF6}.Debug|Any CPU.Build.0 = Debug|Any CPU
		{32E2402D-38AB-42DB-9D93-4F1BEF017BF6}.Release|Any CPU.ActiveCfg = Release|Any CPU
		{32E2402D-38AB-42DB-9D93-4F1BEF017BF6}.Release|Any CPU.Build.0 = Release|Any CPU
		{13CE93E0-0F57-4256-AF9E-3F9D58CF73E4}.Debug|Any CPU.ActiveCfg = Debug|Any CPU
		{13CE93E0-0F57-4256-AF9E-3F9D58CF73E4}.Debug|Any CPU.Build.0 = Debug|Any CPU
		{13CE93E0-0F57-4256-AF9E-3F9D58CF73E4}.Release|Any CPU.ActiveCfg = Release|Any CPU
		{13CE93E0-0F57-4256-AF9E-3F9D58CF73E4}.Release|Any CPU.Build.0 = Release|Any CPU
		{93E7B2EE-7322-4B74-AFEE-CC14237BECAD}.Debug|Any CPU.ActiveCfg = Debug|Any CPU
		{93E7B2EE-7322-4B74-AFEE-CC14237BECAD}.Debug|Any CPU.Build.0 = Debug|Any CPU
		{93E7B2EE-7322-4B74-AFEE-CC14237BECAD}.Release|Any CPU.ActiveCfg = Release|Any CPU
		{93E7B2EE-7322-4B74-AFEE-CC14237BECAD}.Release|Any CPU.Build.0 = Release|Any CPU
	EndGlobalSection
	GlobalSection(SolutionProperties) = preSolution
		HideSolutionNode = FALSE
	EndGlobalSection
	GlobalSection(NestedProjects) = preSolution
		{7B396B8B-E7D6-4443-AAF0-11C5E534CEB1} = {9B330E08-9F4F-443C-9CA2-BB9EE6CEE919}
		{1A29D943-D40D-41EB-9EFE-41DCEBF1C619} = {DAC2BBCF-1589-485B-9B3C-86E970EAB63F}
		{A141F15A-3466-4B89-AE57-5E7426336599} = {AE7E0C93-F670-42B7-BE24-CE54F092C39A}
		{D384C5E6-5868-4E55-A69F-2FFF5CDF99B9} = {720BA947-776F-47D2-A11B-8BD3081B0AFF}
		{12641068-BD97-4137-B7CD-4AC292FCE940} = {13962FED-1C7E-49AE-AEC8-3B2EDA2FC8E1}
		{79853DB9-7F5A-4F21-BDBC-36C4A327C3D9} = {13962FED-1C7E-49AE-AEC8-3B2EDA2FC8E1}
		{32E2402D-38AB-42DB-9D93-4F1BEF017BF6} = {AE7E0C93-F670-42B7-BE24-CE54F092C39A}
		{13CE93E0-0F57-4256-AF9E-3F9D58CF73E4} = {AE7E0C93-F670-42B7-BE24-CE54F092C39A}
		{93E7B2EE-7322-4B74-AFEE-CC14237BECAD} = {AE7E0C93-F670-42B7-BE24-CE54F092C39A}
	EndGlobalSection
	GlobalSection(ExtensibilityGlobals) = postSolution
		SolutionGuid = {4CFDAFE6-1A1B-4D58-890C-7500EC2D4266}
	EndGlobalSection
EndGlobal
